
Microsoft Visual Studio Solution File, Format Version 12.00
# Visual Studio Version 16
VisualStudioVersion = 16.0.32106.194
MinimumVisualStudioVersion = 10.0.40219.1
Project("{FAE04EC0-301F-11D3-BF4B-00C04F79EFBC}") = "EDI_prjct", "EDI_prjct\EDI_prjct.csproj", "{608B4DA5-0F5F-447F-8275-76A133D8BC2E}"
EndProject
Global
	GlobalSection(SolutionConfigurationPlatforms) = preSolution
		Debug|Any CPU = Debug|Any CPU
		Release|Any CPU = Release|Any CPU
	EndGlobalSection
	GlobalSection(ProjectConfigurationPlatforms) = postSolution
		{608B4DA5-0F5F-447F-8275-76A133D8BC2E}.Debug|Any CPU.ActiveCfg = Debug|Any CPU
		{608B4DA5-0F5F-447F-8275-76A133D8BC2E}.Debug|Any CPU.Build.0 = Debug|Any CPU
		{608B4DA5-0F5F-447F-8275-76A133D8BC2E}.Release|Any CPU.ActiveCfg = Release|Any CPU
		{608B4DA5-0F5F-447F-8275-76A133D8BC2E}.Release|Any CPU.Build.0 = Release|Any CPU
	EndGlobalSection
	GlobalSection(SolutionProperties) = preSolution
		HideSolutionNode = FALSE
	EndGlobalSection
	GlobalSection(ExtensibilityGlobals) = postSolution
		SolutionGuid = {E239697A-68B9-40E8-8B0D-92003CFC9BD4}
	EndGlobalSection
EndGlobal
